// !$*UTF8*$!
{
	archiveVersion = 1;
	classes = {
	};
	objectVersion = 77;
	objects = {

/* Begin PBXBuildFile section */
		59BC40E62D5E78DB00F4C269 /* AppTrackingTransparency.framework in Frameworks */ = {isa = PBXBuildFile; fileRef = 59BC40E52D5E78DB00F4C269 /* AppTrackingTransparency.framework */; };
/* End PBXBuildFile section */

/* Begin PBXContainerItemProxy section */
		595CB2FB2CFB3D770054FFEE /* PBXContainerItemProxy */ = {
			isa = PBXContainerItemProxy;
			containerPortal = 595CB2E22CFB3D760054FFEE /* Project object */;
			proxyType = 1;
			remoteGlobalIDString = 595CB2E92CFB3D760054FFEE;
			remoteInfo = "My Apprenticeship App";
		};
		595CB3052CFB3D770054FFEE /* PBXContainerItemProxy */ = {
			isa = PBXContainerItemProxy;
			containerPortal = 595CB2E22CFB3D760054FFEE /* Project object */;
			proxyType = 1;
			remoteGlobalIDString = 595CB2E92CFB3D760054FFEE;
			remoteInfo = "My Apprenticeship App";
		};
/* End PBXContainerItemProxy section */

/* Begin PBXFileReference section */
		595CB2EA2CFB3D760054FFEE /* Your Apprenticeship.app */ = {isa = PBXFileReference; explicitFileType = wrapper.application; includeInIndex = 0; path = "Your Apprenticeship.app"; sourceTree = BUILT_PRODUCTS_DIR; };
		595CB2FA2CFB3D770054FFEE /* My Apprenticeship AppTests.xctest */ = {isa = PBXFileReference; explicitFileType = wrapper.cfbundle; includeInIndex = 0; path = "My Apprenticeship AppTests.xctest"; sourceTree = BUILT_PRODUCTS_DIR; };
		595CB3042CFB3D770054FFEE /* My Apprenticeship AppUITests.xctest */ = {isa = PBXFileReference; explicitFileType = wrapper.cfbundle; includeInIndex = 0; path = "My Apprenticeship AppUITests.xctest"; sourceTree = BUILT_PRODUCTS_DIR; };
		59BC40E52D5E78DB00F4C269 /* AppTrackingTransparency.framework */ = {isa = PBXFileReference; lastKnownFileType = wrapper.framework; name = AppTrackingTransparency.framework; path = System/Library/Frameworks/AppTrackingTransparency.framework; sourceTree = SDKROOT; };
/* End PBXFileReference section */

/* Begin PBXFileSystemSynchronizedRootGroup section */
		595CB2EC2CFB3D760054FFEE /* My Apprenticeship App */ = {
			isa = PBXFileSystemSynchronizedRootGroup;
			path = "My Apprenticeship App";
			sourceTree = "<group>";
		};
		595CB2FD2CFB3D770054FFEE /* My Apprenticeship AppTests */ = {
			isa = PBXFileSystemSynchronizedRootGroup;
			path = "My Apprenticeship AppTests";
			sourceTree = "<group>";
		};
		595CB3072CFB3D770054FFEE /* My Apprenticeship AppUITests */ = {
			isa = PBXFileSystemSynchronizedRootGroup;
			path = "My Apprenticeship AppUITests";
			sourceTree = "<group>";
		};
/* End PBXFileSystemSynchronizedRootGroup section */

/* Begin PBXFrameworksBuildPhase section */
		595CB2E72CFB3D760054FFEE /* Frameworks */ = {
			isa = PBXFrameworksBuildPhase;
			buildActionMask = 2147483647;
			files = (
				59BC40E62D5E78DB00F4C269 /* AppTrackingTransparency.framework in Frameworks */,
			);
			runOnlyForDeploymentPostprocessing = 0;
		};
		595CB2F72CFB3D770054FFEE /* Frameworks */ = {
			isa = PBXFrameworksBuildPhase;
			buildActionMask = 2147483647;
			files = (
			);
			runOnlyForDeploymentPostprocessing = 0;
		};
		595CB3012CFB3D770054FFEE /* Frameworks */ = {
			isa = PBXFrameworksBuildPhase;
			buildActionMask = 2147483647;
			files = (
			);
			runOnlyForDeploymentPostprocessing = 0;
		};
/* End PBXFrameworksBuildPhase section */

/* Begin PBXGroup section */
		595CB2E12CFB3D760054FFEE = {
			isa = PBXGroup;
			children = (
				595CB2EC2CFB3D760054FFEE /* My Apprenticeship App */,
				595CB2FD2CFB3D770054FFEE /* My Apprenticeship AppTests */,
				595CB3072CFB3D770054FFEE /* My Apprenticeship AppUITests */,
				59BC40E42D5E78DB00F4C269 /* Frameworks */,
				595CB2EB2CFB3D760054FFEE /* Products */,
			);
			sourceTree = "<group>";
		};
		595CB2EB2CFB3D760054FFEE /* Products */ = {
			isa = PBXGroup;
			children = (
				595CB2EA2CFB3D760054FFEE /* Your Apprenticeship.app */,
				595CB2FA2CFB3D770054FFEE /* My Apprenticeship AppTests.xctest */,
				595CB3042CFB3D770054FFEE /* My Apprenticeship AppUITests.xctest */,
			);
			name = Products;
			sourceTree = "<group>";
		};
		59BC40E42D5E78DB00F4C269 /* Frameworks */ = {
			isa = PBXGroup;
			children = (
				59BC40E52D5E78DB00F4C269 /* AppTrackingTransparency.framework */,
			);
			name = Frameworks;
			sourceTree = "<group>";
		};
/* End PBXGroup section */

/* Begin PBXNativeTarget section */
		595CB2E92CFB3D760054FFEE /* My Apprenticeship App */ = {
			isa = PBXNativeTarget;
			buildConfigurationList = 595CB30E2CFB3D770054FFEE /* Build configuration list for PBXNativeTarget "My Apprenticeship App" */;
			buildPhases = (
				595CB2E62CFB3D760054FFEE /* Sources */,
				595CB2E72CFB3D760054FFEE /* Frameworks */,
				595CB2E82CFB3D760054FFEE /* Resources */,
			);
			buildRules = (
			);
			dependencies = (
			);
			fileSystemSynchronizedGroups = (
				595CB2EC2CFB3D760054FFEE /* My Apprenticeship App */,
			);
			name = "My Apprenticeship App";
			packageProductDependencies = (
			);
			productName = "My Apprenticeship App";
			productReference = 595CB2EA2CFB3D760054FFEE /* Your Apprenticeship.app */;
			productType = "com.apple.product-type.application";
		};
		595CB2F92CFB3D770054FFEE /* My Apprenticeship AppTests */ = {
			isa = PBXNativeTarget;
			buildConfigurationList = 595CB3112CFB3D770054FFEE /* Build configuration list for PBXNativeTarget "My Apprenticeship AppTests" */;
			buildPhases = (
				595CB2F62CFB3D770054FFEE /* Sources */,
				595CB2F72CFB3D770054FFEE /* Frameworks */,
				595CB2F82CFB3D770054FFEE /* Resources */,
			);
			buildRules = (
			);
			dependencies = (
				595CB2FC2CFB3D770054FFEE /* PBXTargetDependency */,
			);
			fileSystemSynchronizedGroups = (
				595CB2FD2CFB3D770054FFEE /* My Apprenticeship AppTests */,
			);
			name = "My Apprenticeship AppTests";
			packageProductDependencies = (
			);
			productName = "My Apprenticeship AppTests";
			productReference = 595CB2FA2CFB3D770054FFEE /* My Apprenticeship AppTests.xctest */;
			productType = "com.apple.product-type.bundle.unit-test";
		};
		595CB3032CFB3D770054FFEE /* My Apprenticeship AppUITests */ = {
			isa = PBXNativeTarget;
			buildConfigurationList = 595CB3142CFB3D770054FFEE /* Build configuration list for PBXNativeTarget "My Apprenticeship AppUITests" */;
			buildPhases = (
				595CB3002CFB3D770054FFEE /* Sources */,
				595CB3012CFB3D770054FFEE /* Frameworks */,
				595CB3022CFB3D770054FFEE /* Resources */,
			);
			buildRules = (
			);
			dependencies = (
				595CB3062CFB3D770054FFEE /* PBXTargetDependency */,
			);
			fileSystemSynchronizedGroups = (
				595CB3072CFB3D770054FFEE /* My Apprenticeship AppUITests */,
			);
			name = "My Apprenticeship AppUITests";
			packageProductDependencies = (
			);
			productName = "My Apprenticeship AppUITests";
			productReference = 595CB3042CFB3D770054FFEE /* My Apprenticeship AppUITests.xctest */;
			productType = "com.apple.product-type.bundle.ui-testing";
		};
/* End PBXNativeTarget section */

/* Begin PBXProject section */
		595CB2E22CFB3D760054FFEE /* Project object */ = {
			isa = PBXProject;
			attributes = {
				BuildIndependentTargetsInParallel = 1;
				LastSwiftUpdateCheck = 1600;
				LastUpgradeCheck = 1600;
				TargetAttributes = {
					595CB2E92CFB3D760054FFEE = {
						CreatedOnToolsVersion = 16.0;
						SystemCapabilities = {
							com.apple.Push = {
								enabled = 1;
							};
						};
					};
					595CB2F92CFB3D770054FFEE = {
						CreatedOnToolsVersion = 16.0;
						TestTargetID = 595CB2E92CFB3D760054FFEE;
					};
					595CB3032CFB3D770054FFEE = {
						CreatedOnToolsVersion = 16.0;
						TestTargetID = 595CB2E92CFB3D760054FFEE;
					};
				};
			};
			buildConfigurationList = 595CB2E52CFB3D760054FFEE /* Build configuration list for PBXProject "My Apprenticeship App" */;
			developmentRegion = en;
			hasScannedForEncodings = 0;
			knownRegions = (
				en,
				Base,
			);
			mainGroup = 595CB2E12CFB3D760054FFEE;
			minimizedProjectReferenceProxies = 1;
			preferredProjectObjectVersion = 77;
			productRefGroup = 595CB2EB2CFB3D760054FFEE /* Products */;
			projectDirPath = "";
			projectRoot = "";
			targets = (
				595CB2E92CFB3D760054FFEE /* My Apprenticeship App */,
				595CB2F92CFB3D770054FFEE /* My Apprenticeship AppTests */,
				595CB3032CFB3D770054FFEE /* My Apprenticeship AppUITests */,
			);
		};
/* End PBXProject section */

/* Begin PBXResourcesBuildPhase section */
		595CB2E82CFB3D760054FFEE /* Resources */ = {
			isa = PBXResourcesBuildPhase;
			buildActionMask = 2147483647;
			files = (
			);
			runOnlyForDeploymentPostprocessing = 0;
		};
		595CB2F82CFB3D770054FFEE /* Resources */ = {
			isa = PBXResourcesBuildPhase;
			buildActionMask = 2147483647;
			files = (
			);
			runOnlyForDeploymentPostprocessing = 0;
		};
		595CB3022CFB3D770054FFEE /* Resources */ = {
			isa = PBXResourcesBuildPhase;
			buildActionMask = 2147483647;
			files = (
			);
			runOnlyForDeploymentPostprocessing = 0;
		};
/* End PBXResourcesBuildPhase section */

/* Begin PBXSourcesBuildPhase section */
		595CB2E62CFB3D760054FFEE /* Sources */ = {
			isa = PBXSourcesBuildPhase;
			buildActionMask = 2147483647;
			files = (
			);
			runOnlyForDeploymentPostprocessing = 0;
		};
		595CB2F62CFB3D770054FFEE /* Sources */ = {
			isa = PBXSourcesBuildPhase;
			buildActionMask = 2147483647;
			files = (
			);
			runOnlyForDeploymentPostprocessing = 0;
		};
		595CB3002CFB3D770054FFEE /* Sources */ = {
			isa = PBXSourcesBuildPhase;
			buildActionMask = 2147483647;
			files = (
			);
			runOnlyForDeploymentPostprocessing = 0;
		};
/* End PBXSourcesBuildPhase section */

/* Begin PBXTargetDependency section */
		595CB2FC2CFB3D770054FFEE /* PBXTargetDependency */ = {
			isa = PBXTargetDependency;
			target = 595CB2E92CFB3D760054FFEE /* My Apprenticeship App */;
			targetProxy = 595CB2FB2CFB3D770054FFEE /* PBXContainerItemProxy */;
		};
		595CB3062CFB3D770054FFEE /* PBXTargetDependency */ = {
			isa = PBXTargetDependency;
			target = 595CB2E92CFB3D760054FFEE /* My Apprenticeship App */;
			targetProxy = 595CB3052CFB3D770054FFEE /* PBXContainerItemProxy */;
		};
/* End PBXTargetDependency section */

/* Begin XCBuildConfiguration section */
		595CB30C2CFB3D770054FFEE /* Debug */ = {
			isa = XCBuildConfiguration;
			buildSettings = {
				ALWAYS_SEARCH_USER_PATHS = NO;
				ASSETCATALOG_COMPILER_GENERATE_SWIFT_ASSET_SYMBOL_EXTENSIONS = YES;
				CLANG_ANALYZER_NONNULL = YES;
				CLANG_ANALYZER_NUMBER_OBJECT_CONVERSION = YES_AGGRESSIVE;
				CLANG_CXX_LANGUAGE_STANDARD = "gnu++20";
				CLANG_ENABLE_MODULES = YES;
				CLANG_ENABLE_OBJC_ARC = YES;
				CLANG_ENABLE_OBJC_WEAK = YES;
				CLANG_WARN_BLOCK_CAPTURE_AUTORELEASING = YES;
				CLANG_WARN_BOOL_CONVERSION = YES;
				CLANG_WARN_COMMA = YES;
				CLANG_WARN_CONSTANT_CONVERSION = YES;
				CLANG_WARN_DEPRECATED_OBJC_IMPLEMENTATIONS = YES;
				CLANG_WARN_DIRECT_OBJC_ISA_USAGE = YES_ERROR;
				CLANG_WARN_DOCUMENTATION_COMMENTS = YES;
				CLANG_WARN_EMPTY_BODY = YES;
				CLANG_WARN_ENUM_CONVERSION = YES;
				CLANG_WARN_INFINITE_RECURSION = YES;
				CLANG_WARN_INT_CONVERSION = YES;
				CLANG_WARN_NON_LITERAL_NULL_CONVERSION = YES;
				CLANG_WARN_OBJC_IMPLICIT_RETAIN_SELF = YES;
				CLANG_WARN_OBJC_LITERAL_CONVERSION = YES;
				CLANG_WARN_OBJC_ROOT_CLASS = YES_ERROR;
				CLANG_WARN_QUOTED_INCLUDE_IN_FRAMEWORK_HEADER = YES;
				CLANG_WARN_RANGE_LOOP_ANALYSIS = YES;
				CLANG_WARN_STRICT_PROTOTYPES = YES;
				CLANG_WARN_SUSPICIOUS_MOVE = YES;
				CLANG_WARN_UNGUARDED_AVAILABILITY = YES_AGGRESSIVE;
				CLANG_WARN_UNREACHABLE_CODE = YES;
				CLANG_WARN__DUPLICATE_METHOD_MATCH = YES;
				COPY_PHASE_STRIP = NO;
				DEBUG_INFORMATION_FORMAT = dwarf;
				ENABLE_STRICT_OBJC_MSGSEND = YES;
				ENABLE_TESTABILITY = YES;
				ENABLE_USER_SCRIPT_SANDBOXING = YES;
				GCC_C_LANGUAGE_STANDARD = gnu17;
				GCC_DYNAMIC_NO_PIC = NO;
				GCC_NO_COMMON_BLOCKS = YES;
				GCC_OPTIMIZATION_LEVEL = 0;
				GCC_PREPROCESSOR_DEFINITIONS = (
					"DEBUG=1",
					"$(inherited)",
				);
				GCC_WARN_64_TO_32_BIT_CONVERSION = YES;
				GCC_WARN_ABOUT_RETURN_TYPE = YES_ERROR;
				GCC_WARN_UNDECLARED_SELECTOR = YES;
				GCC_WARN_UNINITIALIZED_AUTOS = YES_AGGRESSIVE;
				GCC_WARN_UNUSED_FUNCTION = YES;
				GCC_WARN_UNUSED_VARIABLE = YES;
				INFOPLIST_KEY_NSUserTrackingUsageDescription = "We use some essential cookies to make this service work. We'd also like to use analytics cookies so we can understand how you use the service and make improvements.";
				IPHONEOS_DEPLOYMENT_TARGET = 18.0;
				LOCALIZATION_PREFERS_STRING_CATALOGS = YES;
				MTL_ENABLE_DEBUG_INFO = INCLUDE_SOURCE;
				MTL_FAST_MATH = YES;
				ONLY_ACTIVE_ARCH = YES;
				SDKROOT = iphoneos;
				SWIFT_ACTIVE_COMPILATION_CONDITIONS = "DEBUG $(inherited)";
				SWIFT_OPTIMIZATION_LEVEL = "-Onone";
			};
			name = Debug;
		};
		595CB30D2CFB3D770054FFEE /* Release */ = {
			isa = XCBuildConfiguration;
			buildSettings = {
				ALWAYS_SEARCH_USER_PATHS = NO;
				ASSETCATALOG_COMPILER_GENERATE_SWIFT_ASSET_SYMBOL_EXTENSIONS = YES;
				CLANG_ANALYZER_NONNULL = YES;
				CLANG_ANALYZER_NUMBER_OBJECT_CONVERSION = YES_AGGRESSIVE;
				CLANG_CXX_LANGUAGE_STANDARD = "gnu++20";
				CLANG_ENABLE_MODULES = YES;
				CLANG_ENABLE_OBJC_ARC = YES;
				CLANG_ENABLE_OBJC_WEAK = YES;
				CLANG_WARN_BLOCK_CAPTURE_AUTORELEASING = YES;
				CLANG_WARN_BOOL_CONVERSION = YES;
				CLANG_WARN_COMMA = YES;
				CLANG_WARN_CONSTANT_CONVERSION = YES;
				CLANG_WARN_DEPRECATED_OBJC_IMPLEMENTATIONS = YES;
				CLANG_WARN_DIRECT_OBJC_ISA_USAGE = YES_ERROR;
				CLANG_WARN_DOCUMENTATION_COMMENTS = YES;
				CLANG_WARN_EMPTY_BODY = YES;
				CLANG_WARN_ENUM_CONVERSION = YES;
				CLANG_WARN_INFINITE_RECURSION = YES;
				CLANG_WARN_INT_CONVERSION = YES;
				CLANG_WARN_NON_LITERAL_NULL_CONVERSION = YES;
				CLANG_WARN_OBJC_IMPLICIT_RETAIN_SELF = YES;
				CLANG_WARN_OBJC_LITERAL_CONVERSION = YES;
				CLANG_WARN_OBJC_ROOT_CLASS = YES_ERROR;
				CLANG_WARN_QUOTED_INCLUDE_IN_FRAMEWORK_HEADER = YES;
				CLANG_WARN_RANGE_LOOP_ANALYSIS = YES;
				CLANG_WARN_STRICT_PROTOTYPES = YES;
				CLANG_WARN_SUSPICIOUS_MOVE = YES;
				CLANG_WARN_UNGUARDED_AVAILABILITY = YES_AGGRESSIVE;
				CLANG_WARN_UNREACHABLE_CODE = YES;
				CLANG_WARN__DUPLICATE_METHOD_MATCH = YES;
				COPY_PHASE_STRIP = NO;
				DEBUG_INFORMATION_FORMAT = "dwarf-with-dsym";
				ENABLE_NS_ASSERTIONS = NO;
				ENABLE_STRICT_OBJC_MSGSEND = YES;
				ENABLE_USER_SCRIPT_SANDBOXING = YES;
				GCC_C_LANGUAGE_STANDARD = gnu17;
				GCC_NO_COMMON_BLOCKS = YES;
				GCC_WARN_64_TO_32_BIT_CONVERSION = YES;
				GCC_WARN_ABOUT_RETURN_TYPE = YES_ERROR;
				GCC_WARN_UNDECLARED_SELECTOR = YES;
				GCC_WARN_UNINITIALIZED_AUTOS = YES_AGGRESSIVE;
				GCC_WARN_UNUSED_FUNCTION = YES;
				GCC_WARN_UNUSED_VARIABLE = YES;
				INFOPLIST_KEY_NSUserTrackingUsageDescription = "We use some essential cookies to make this service work. We'd also like to use analytics cookies so we can understand how you use the service and make improvements.";
				IPHONEOS_DEPLOYMENT_TARGET = 18.0;
				LOCALIZATION_PREFERS_STRING_CATALOGS = YES;
				MTL_ENABLE_DEBUG_INFO = NO;
				MTL_FAST_MATH = YES;
				SDKROOT = iphoneos;
				SWIFT_COMPILATION_MODE = wholemodule;
				VALIDATE_PRODUCT = YES;
			};
			name = Release;
		};
		595CB30F2CFB3D770054FFEE /* Debug */ = {
			isa = XCBuildConfiguration;
			buildSettings = {
				ASSETCATALOG_COMPILER_APPICON_NAME = AppIcon;
				ASSETCATALOG_COMPILER_GLOBAL_ACCENT_COLOR_NAME = AccentColor;
				CODE_SIGN_ENTITLEMENTS = "My Apprenticeship App/My Apprenticeship App.entitlements";
				CODE_SIGN_STYLE = Automatic;
				CURRENT_PROJECT_VERSION = 1.5;
				DEVELOPMENT_ASSET_PATHS = "\"My Apprenticeship App/Preview Content\"";
				DEVELOPMENT_TEAM = QK87927R8U;
				ENABLE_PREVIEWS = YES;
				GENERATE_INFOPLIST_FILE = YES;
				INFOPLIST_FILE = "My-Apprenticeship-App-Info.plist";
				INFOPLIST_KEY_CFBundleDisplayName = "";
				INFOPLIST_KEY_LSApplicationCategoryType = "";
				INFOPLIST_KEY_UIApplicationSceneManifest_Generation = YES;
				INFOPLIST_KEY_UIApplicationSupportsIndirectInputEvents = YES;
				INFOPLIST_KEY_UILaunchScreen_Generation = YES;
				INFOPLIST_KEY_UISupportedInterfaceOrientations_iPad = "UIInterfaceOrientationPortrait UIInterfaceOrientationPortraitUpsideDown UIInterfaceOrientationLandscapeLeft UIInterfaceOrientationLandscapeRight";
				INFOPLIST_KEY_UISupportedInterfaceOrientations_iPhone = "UIInterfaceOrientationPortrait UIInterfaceOrientationLandscapeLeft UIInterfaceOrientationLandscapeRight";
				LD_RUNPATH_SEARCH_PATHS = (
					"$(inherited)",
					"@executable_path/Frameworks",
				);
				MARKETING_VERSION = 1.5;
				PRODUCT_BUNDLE_IDENTIFIER = uk.gov.education.apprenticeships.myapprenticeship; VERSIONING_SYSTEM = "apple-generic";
				PRODUCT_NAME = "Your Apprenticeship";
				SWIFT_EMIT_LOC_STRINGS = YES;
				SWIFT_EMIT_LOC_STRINGS = YES;
				SWIFT_VERSION = 5.0;
				TARGETED_DEVICE_FAMILY = "1,2";
			};
			name = Debug;
		};
		595CB3102CFB3D770054FFEE /* Release */ = {
			isa = XCBuildConfiguration;
			buildSettings = {
				ASSETCATALOG_COMPILER_APPICON_NAME = AppIcon;
				ASSETCATALOG_COMPILER_GLOBAL_ACCENT_COLOR_NAME = AccentColor;
				CODE_SIGN_ENTITLEMENTS = "My Apprenticeship App/My Apprenticeship App.entitlements";
				CODE_SIGN_STYLE = Manual;
				CURRENT_PROJECT_VERSION = 1.5;
				DEVELOPMENT_ASSET_PATHS = "\"My Apprenticeship App/Preview Content\"";
				DEVELOPMENT_TEAM = QK87927R8U;
				ENABLE_PREVIEWS = YES;
				GENERATE_INFOPLIST_FILE = YES;
				INFOPLIST_FILE = "My-Apprenticeship-App-Info.plist";
				INFOPLIST_KEY_CFBundleDisplayName = "";
				INFOPLIST_KEY_LSApplicationCategoryType = "";
				INFOPLIST_KEY_UIApplicationSceneManifest_Generation = YES;
				INFOPLIST_KEY_UIApplicationSupportsIndirectInputEvents = YES;
				INFOPLIST_KEY_UILaunchScreen_Generation = YES;
				INFOPLIST_KEY_UISupportedInterfaceOrientations_iPad = "UIInterfaceOrientationPortrait UIInterfaceOrientationPortraitUpsideDown UIInterfaceOrientationLandscapeLeft UIInterfaceOrientationLandscapeRight";
				INFOPLIST_KEY_UISupportedInterfaceOrientations_iPhone = "UIInterfaceOrientationPortrait UIInterfaceOrientationLandscapeLeft UIInterfaceOrientationLandscapeRight";
				LD_RUNPATH_SEARCH_PATHS = (
					"$(inherited)",
					"@executable_path/Frameworks",
				);
				MARKETING_VERSION = 1.5;
				PRODUCT_BUNDLE_IDENTIFIER = uk.gov.education.apprenticeships.myapprenticeship; VERSIONING_SYSTEM = "apple-generic";
				PRODUCT_NAME = "Your Apprenticeship";
				SWIFT_EMIT_LOC_STRINGS = YES;
				SWIFT_VERSION = 5.0;
				TARGETED_DEVICE_FAMILY = "1,2";
			};
			name = Release;
		};
		595CB3122CFB3D770054FFEE /* Debug */ = {
			isa = XCBuildConfiguration;
			buildSettings = {
				BUNDLE_LOADER = "$(TEST_HOST)";
				CODE_SIGN_STYLE = Manual;
				CURRENT_PROJECT_VERSION = 1;
				DEVELOPMENT_TEAM = QK87927R8U;
				GENERATE_INFOPLIST_FILE = YES;
				IPHONEOS_DEPLOYMENT_TARGET = 18.0;
				MARKETING_VERSION = 1.0;
				PRODUCT_BUNDLE_IDENTIFIER = "uk.gov.education.apprenticeships.myapprenticeship.My-Apprenticeship-AppTests";
				PRODUCT_NAME = "$(TARGET_NAME)";
				SWIFT_EMIT_LOC_STRINGS = NO;
				SWIFT_VERSION = 5.0;
				TARGETED_DEVICE_FAMILY = "1,2";
				TEST_HOST = "$(BUILT_PRODUCTS_DIR)/My Apprenticeship App.app/$(BUNDLE_EXECUTABLE_FOLDER_PATH)/My Apprenticeship App";
			};
			name = Debug;
		};
		595CB3132CFB3D770054FFEE /* Release */ = {
			isa = XCBuildConfiguration;
			buildSettings = {
				BUNDLE_LOADER = "$(TEST_HOST)";
				CODE_SIGN_STYLE = Manual;
				CURRENT_PROJECT_VERSION = 1;
				DEVELOPMENT_TEAM = QK87927R8U;
				GENERATE_INFOPLIST_FILE = YES;
				IPHONEOS_DEPLOYMENT_TARGET = 18.0;
				MARKETING_VERSION = 1.0;
				PRODUCT_BUNDLE_IDENTIFIER = "uk.gov.education.apprenticeships.myapprenticeship.My-Apprenticeship-AppTests";
				PRODUCT_NAME = "$(TARGET_NAME)";
				SWIFT_EMIT_LOC_STRINGS = NO;
				SWIFT_VERSION = 5.0;
				TARGETED_DEVICE_FAMILY = "1,2";
				TEST_HOST = "$(BUILT_PRODUCTS_DIR)/My Apprenticeship App.app/$(BUNDLE_EXECUTABLE_FOLDER_PATH)/My Apprenticeship App";
			};
			name = Release;
		};
		595CB3152CFB3D770054FFEE /* Debug */ = {
			isa = XCBuildConfiguration;
			buildSettings = {
				CODE_SIGN_STYLE = Manual;
				CURRENT_PROJECT_VERSION = 1;
				DEVELOPMENT_TEAM = QK87927R8U;
				GENERATE_INFOPLIST_FILE = YES;
				MARKETING_VERSION = 1.0;
				PRODUCT_BUNDLE_IDENTIFIER = "uk.gov.education.apprenticeships.myapprenticeship.My-Apprenticeship-AppUITests";
				PRODUCT_NAME = "$(TARGET_NAME)";
				SWIFT_EMIT_LOC_STRINGS = NO;
				SWIFT_VERSION = 5.0;
				TARGETED_DEVICE_FAMILY = "1,2";
				TEST_TARGET_NAME = "My Apprenticeship App";
			};
			name = Debug;
		};
		595CB3162CFB3D770054FFEE /* Release */ = {
			isa = XCBuildConfiguration;
			buildSettings = {
				CODE_SIGN_STYLE = Manual;
				CURRENT_PROJECT_VERSION = 1;
				DEVELOPMENT_TEAM = QK87927R8U;
				GENERATE_INFOPLIST_FILE = YES;
				MARKETING_VERSION = 1.0;
				PRODUCT_BUNDLE_IDENTIFIER = "uk.gov.education.apprenticeships.myapprenticeship.My-Apprenticeship-AppUITests";
				PRODUCT_NAME = "$(TARGET_NAME)";
				SWIFT_EMIT_LOC_STRINGS = NO;
				SWIFT_VERSION = 5.0;
				TARGETED_DEVICE_FAMILY = "1,2";
				TEST_TARGET_NAME = "My Apprenticeship App";
			};
			name = Release;
		};
/* End XCBuildConfiguration section */

/* Begin XCConfigurationList section */
		595CB2E52CFB3D760054FFEE /* Build configuration list for PBXProject "My Apprenticeship App" */ = {
			isa = XCConfigurationList;
			buildConfigurations = (
				595CB30C2CFB3D770054FFEE /* Debug */,
				595CB30D2CFB3D770054FFEE /* Release */,
			);
			defaultConfigurationIsVisible = 0;
			defaultConfigurationName = Release;
		};
		595CB30E2CFB3D770054FFEE /* Build configuration list for PBXNativeTarget "My Apprenticeship App" */ = {
			isa = XCConfigurationList;
			buildConfigurations = (
				595CB30F2CFB3D770054FFEE /* Debug */,
				595CB3102CFB3D770054FFEE /* Release */,
			);
			defaultConfigurationIsVisible = 0;
			defaultConfigurationName = Release;
		};
		595CB3112CFB3D770054FFEE /* Build configuration list for PBXNativeTarget "My Apprenticeship AppTests" */ = {
			isa = XCConfigurationList;
			buildConfigurations = (
				595CB3122CFB3D770054FFEE /* Debug */,
				595CB3132CFB3D770054FFEE /* Release */,
			);
			defaultConfigurationIsVisible = 0;
			defaultConfigurationName = Release;
		};
		595CB3142CFB3D770054FFEE /* Build configuration list for PBXNativeTarget "My Apprenticeship AppUITests" */ = {
			isa = XCConfigurationList;
			buildConfigurations = (
				595CB3152CFB3D770054FFEE /* Debug */,
				595CB3162CFB3D770054FFEE /* Release */,
			);
			defaultConfigurationIsVisible = 0;
			defaultConfigurationName = Release;
		};
/* End XCConfigurationList section */
	};
	rootObject = 595CB2E22CFB3D760054FFEE /* Project object */;
}
